{
  "originHash" : "68cf553f75e4226c0cbe0e639b575c3e91a112d865f3e63c71b719b88d17e50e",
  "pins" : [
    {
      "identity" : "bedrock",
      "kind" : "remoteSourceControl",
      "location" : "https://github.com/tannerdsilva/bedrock.git",
      "state" : {
        "revision" : "b6626ac8ecee31975093e01427e10f4cc299409a"
      }
    },
    {
      "identity" : "clmdb",
      "kind" : "remoteSourceControl",
      "location" : "https://github.com/tannerdsilva/CLMDB.git",
      "state" : {
        "revision" : "4ce5826424f8e65f395efc5b4c611479384722b1",
        "version" : "0.9.30"
      }
    },
    {
      "identity" : "rawdog",
      "kind" : "remoteSourceControl",
      "location" : "https://github.com/tannerdsilva/rawdog.git",
      "state" : {
        "revision" : "b249e367e35c0ea05ae7b7dc0046074b5b05c604"
      }
    },
    {
      "identity" : "swift-log",
      "kind" : "remoteSourceControl",
      "location" : "https://github.com/apple/swift-log.git",
      "state" : {
        "revision" : "ce592ae52f982c847a4efc0dd881cc9eb32d29f2",
        "version" : "1.6.4"
      }
    },
    {
      "identity" : "swift-syntax",
      "kind" : "remoteSourceControl",
      "location" : "https://github.com/apple/swift-syntax.git",
      "state" : {
        "revision" : "0687f71944021d616d34d922343dcef086855920",
        "version" : "600.0.1"
      }
    },
    {
      "identity" : "swift-system",
      "kind" : "remoteSourceControl",
      "location" : "https://github.com/apple/swift-system.git",
      "state" : {
        "revision" : "395a77f0aa927f0ff73941d7ac35f2b46d47c9db",
        "version" : "1.6.3"
      }
    }
  ],
  "version" : 3
}
