{
  "originHash" : "963c2e51f5865d9d9ba254ea9bd9df6e5c3ce846698d5a8cb36bd0efab46a364",
  "pins" : [
    {
      "identity" : "bedrock",
      "kind" : "remoteSourceControl",
      "location" : "https://github.com/tannerdsilva/bedrock.git",
      "state" : {
        "revision" : "b6626ac8ecee31975093e01427e10f4cc299409a"
      }
    },
    {
      "identity" : "clmdb",
      "kind" : "remoteSourceControl",
      "location" : "https://github.com/tannerdsilva/CLMDB.git",
      "state" : {
        "revision" : "4ce5826424f8e65f395efc5b4c611479384722b1",
        "version" : "0.9.30"
      }
    },
    {
      "identity" : "quicklmdb",
      "kind" : "remoteSourceControl",
      "location" : "https://github.com/tannerdsilva/QuickLMDB.git",
      "state" : {
        "revision" : "8c46410dcb9bb36df2fa63c3cd0f078e3d781f21",
        "version" : "13.0.0"
      }
    },
    {
      "identity" : "rawdog",
      "kind" : "remoteSourceControl",
      "location" : "https://github.com/tannerdsilva/rawdog.git",
      "state" : {
        "revision" : "b249e367e35c0ea05ae7b7dc0046074b5b05c604"
      }
    },
    {
      "identity" : "swift-log",
      "kind" : "remoteSourceControl",
      "location" : "https://github.com/apple/swift-log.git",
      "state" : {
        "revision" : "ce592ae52f982c847a4efc0dd881cc9eb32d29f2",
        "version" : "1.6.4"
      }
    },
    {
      "identity" : "swift-syntax",
      "kind" : "remoteSourceControl",
      "location" : "https://github.com/apple/swift-syntax.git",
      "state" : {
        "revision" : "0687f71944021d616d34d922343dcef086855920",
        "version" : "600.0.1"
      }
    },
    {
      "identity" : "swift-system",
      "kind" : "remoteSourceControl",
      "location" : "https://github.com/apple/swift-system.git",
      "state" : {
        "revision" : "890830fff1a577dc83134890c7984020c5f6b43b",
        "version" : "1.6.2"
      }
    }
  ],
  "version" : 3
}
